Microsoft Visual Studio Solution File, Format Version 12.00
# Visual Studio Version 17
VisualStudioVersion = 17.5.2.0
MinimumVisualStudioVersion = 10.0.40219.1
Project("{FAE04EC0-301F-11D3-BF4B-00C04F79EFBC}") = "zenbook-duo-touchpad-toggle", "zenbook-duo-touchpad-toggle.csproj", "{AF61042D-3274-E883-1633-28B439FA396D}"
EndProject
Global
	GlobalSection(SolutionConfigurationPlatforms) = preSolution
		Debug|Any CPU = Debug|Any CPU
		Release|Any CPU = Release|Any CPU
	EndGlobalSection
	GlobalSection(ProjectConfigurationPlatforms) = postSolution
		{AF61042D-3274-E883-1633-28B439FA396D}.Debug|Any CPU.ActiveCfg = Debug|Any CPU
		{AF61042D-3274-E883-1633-28B439FA396D}.Debug|Any CPU.Build.0 = Debug|Any CPU
		{AF61042D-3274-E883-1633-28B439FA396D}.Release|Any CPU.ActiveCfg = Release|Any CPU
		{AF61042D-3274-E883-1633-28B439FA396D}.Release|Any CPU.Build.0 = Release|Any CPU
	EndGlobalSection
	GlobalSection(SolutionProperties) = preSolution
		HideSolutionNode = FALSE
	EndGlobalSection
	GlobalSection(ExtensibilityGlobals) = postSolution
		SolutionGuid = {99A4062D-997E-4DE1-8CDF-3532579B3B13}
	EndGlobalSection
EndGlobal
